// !$*UTF8*$!
{
	archiveVersion = 1;
	classes = {
	};
	objectVersion = 50;
	objects = {

/* Begin PBXBuildFile section */
		DC501479236C70F300AD39F1 /* AppDelegate.swift in Sources */ = {isa = PBXBuildFile; fileRef = DC501478236C70F300AD39F1 /* AppDelegate.swift */; };
		DC50147B236C70F300AD39F1 /* SceneDelegate.swift in Sources */ = {isa = PBXBuildFile; fileRef = DC50147A236C70F300AD39F1 /* SceneDelegate.swift */; };
		DC501480236C70F300AD39F1 /* Main.storyboard in Resources */ = {isa = PBXBuildFile; fileRef = DC50147E236C70F300AD39F1 /* Main.storyboard */; };
		DC501483236C70F300AD39F1 /* VTune.xcdatamodeld in Sources */ = {isa = PBXBuildFile; fileRef = DC501481236C70F300AD39F1 /* VTune.xcdatamodeld */; };
		DC501485236C70F500AD39F1 /* Assets.xcassets in Resources */ = {isa = PBXBuildFile; fileRef = DC501484236C70F500AD39F1 /* Assets.xcassets */; };
		DC501488236C70F500AD39F1 /* LaunchScreen.storyboard in Resources */ = {isa = PBXBuildFile; fileRef = DC501486236C70F500AD39F1 /* LaunchScreen.storyboard */; };
		DC60DADE237036320070F386 /* MusicPlayer.storyboard in Resources */ = {isa = PBXBuildFile; fileRef = DC60DADD237036320070F386 /* MusicPlayer.storyboard */; };
		DC60DAE02370367E0070F386 /* MusicPlayerViewController.swift in Sources */ = {isa = PBXBuildFile; fileRef = DC60DADF2370367E0070F386 /* MusicPlayerViewController.swift */; };
		DCDFF6EA2373DA93002A45EF /* ViewController.swift in Sources */ = {isa = PBXBuildFile; fileRef = DCDFF6E92373DA93002A45EF /* ViewController.swift */; };
		EF1C58A5237416B900694932 /* SongListTableViewCell.swift in Sources */ = {isa = PBXBuildFile; fileRef = EF1C58A3237416B900694932 /* SongListTableViewCell.swift */; };
		EF1C58A6237416B900694932 /* SongListTableViewCell.xib in Resources */ = {isa = PBXBuildFile; fileRef = EF1C58A4237416B900694932 /* SongListTableViewCell.xib */; };
		EFA5E2512375413E00EDEC30 /* dummySongList.swift in Sources */ = {isa = PBXBuildFile; fileRef = EFA5E2502375413E00EDEC30 /* dummySongList.swift */; };
		EFA5E253237543C500EDEC30 /* EqualizerView.xib in Resources */ = {isa = PBXBuildFile; fileRef = EFA5E252237543C500EDEC30 /* EqualizerView.xib */; };
		EFA5E255237543FD00EDEC30 /* EqualizerView.swift in Sources */ = {isa = PBXBuildFile; fileRef = EFA5E254237543FD00EDEC30 /* EqualizerView.swift */; };
/* End PBXBuildFile section */

/* Begin PBXFileReference section */
		DC501475236C70F300AD39F1 /* VTune.app */ = {isa = PBXFileReference; explicitFileType = wrapper.application; includeInIndex = 0; path = VTune.app; sourceTree = BUILT_PRODUCTS_DIR; };
		DC501478236C70F300AD39F1 /* AppDelegate.swift */ = {isa = PBXFileReference; lastKnownFileType = sourcecode.swift; path = AppDelegate.swift; sourceTree = "<group>"; };
		DC50147A236C70F300AD39F1 /* SceneDelegate.swift */ = {isa = PBXFileReference; lastKnownFileType = sourcecode.swift; path = SceneDelegate.swift; sourceTree = "<group>"; };
		DC50147F236C70F300AD39F1 /* Base */ = {isa = PBXFileReference; lastKnownFileType = file.storyboard; name = Base; path = Base.lproj/Main.storyboard; sourceTree = "<group>"; };
		DC501482236C70F300AD39F1 /* VTune.xcdatamodel */ = {isa = PBXFileReference; lastKnownFileType = wrapper.xcdatamodel; path = VTune.xcdatamodel; sourceTree = "<group>"; };
		DC501484236C70F500AD39F1 /* Assets.xcassets */ = {isa = PBXFileReference; lastKnownFileType = folder.assetcatalog; path = Assets.xcassets; sourceTree = "<group>"; };
		DC501487236C70F500AD39F1 /* Base */ = {isa = PBXFileReference; lastKnownFileType = file.storyboard; name = Base; path = Base.lproj/LaunchScreen.storyboard; sourceTree = "<group>"; };
		DC501489236C70F500AD39F1 /* Info.plist */ = {isa = PBXFileReference; lastKnownFileType = text.plist.xml; path = Info.plist; sourceTree = "<group>"; };
		DC60DADD237036320070F386 /* MusicPlayer.storyboard */ = {isa = PBXFileReference; lastKnownFileType = file.storyboard; path = MusicPlayer.storyboard; sourceTree = "<group>"; };
		DC60DADF2370367E0070F386 /* MusicPlayerViewController.swift */ = {isa = PBXFileReference; lastKnownFileType = sourcecode.swift; path = MusicPlayerViewController.swift; sourceTree = "<group>"; };
		DCDFF6E92373DA93002A45EF /* ViewController.swift */ = {isa = PBXFileReference; lastKnownFileType = sourcecode.swift; path = ViewController.swift; sourceTree = "<group>"; };
		EF1C58A3237416B900694932 /* SongListTableViewCell.swift */ = {isa = PBXFileReference; lastKnownFileType = sourcecode.swift; path = SongListTableViewCell.swift; sourceTree = "<group>"; };
		EF1C58A4237416B900694932 /* SongListTableViewCell.xib */ = {isa = PBXFileReference; lastKnownFileType = file.xib; path = SongListTableViewCell.xib; sourceTree = "<group>"; };
		EFA5E2502375413E00EDEC30 /* dummySongList.swift */ = {isa = PBXFileReference; lastKnownFileType = sourcecode.swift; path = dummySongList.swift; sourceTree = SOURCE_ROOT; };
		EFA5E252237543C500EDEC30 /* EqualizerView.xib */ = {isa = PBXFileReference; lastKnownFileType = file.xib; path = EqualizerView.xib; sourceTree = "<group>"; };
		EFA5E254237543FD00EDEC30 /* EqualizerView.swift */ = {isa = PBXFileReference; lastKnownFileType = sourcecode.swift; path = EqualizerView.swift; sourceTree = "<group>"; };
/* End PBXFileReference section */

/* Begin PBXFrameworksBuildPhase section */
		DC501472236C70F300AD39F1 /* Frameworks */ = {
			isa = PBXFrameworksBuildPhase;
			buildActionMask = 2147483647;
			files = (
			);
			runOnlyForDeploymentPostprocessing = 0;
		};
/* End PBXFrameworksBuildPhase section */

/* Begin PBXGroup section */
		DC50146C236C70F300AD39F1 = {
			isa = PBXGroup;
			children = (
				DC501477236C70F300AD39F1 /* VTune */,
				DC501476236C70F300AD39F1 /* Products */,
			);
			sourceTree = "<group>";
		};
		DC501476236C70F300AD39F1 /* Products */ = {
			isa = PBXGroup;
			children = (
				DC501475236C70F300AD39F1 /* VTune.app */,
			);
			name = Products;
			sourceTree = "<group>";
		};
		DC501477236C70F300AD39F1 /* VTune */ = {
			isa = PBXGroup;
			children = (
				DC50148F236C716400AD39F1 /* Model */,
				DC501490236C716D00AD39F1 /* View */,
				DC501491236C717B00AD39F1 /* Controller */,
				DC501478236C70F300AD39F1 /* AppDelegate.swift */,
				EFA5E254237543FD00EDEC30 /* EqualizerView.swift */,
				DC50147A236C70F300AD39F1 /* SceneDelegate.swift */,
				DC501484236C70F500AD39F1 /* Assets.xcassets */,
				DC501486236C70F500AD39F1 /* LaunchScreen.storyboard */,
				DC501489236C70F500AD39F1 /* Info.plist */,
				DC501481236C70F300AD39F1 /* VTune.xcdatamodeld */,
			);
			path = VTune;
			sourceTree = "<group>";
		};
		DC50148F236C716400AD39F1 /* Model */ = {
			isa = PBXGroup;
			children = (
				EFA5E2502375413E00EDEC30 /* dummySongList.swift */,
			);
			path = Model;
			sourceTree = "<group>";
		};
		DC501490236C716D00AD39F1 /* View */ = {
			isa = PBXGroup;
			children = (
				EFA5E252237543C500EDEC30 /* EqualizerView.xib */,
				DCDFF6DC2372F346002A45EF /* Main */,
				DCDFF6DB2372F33F002A45EF /* Music Player */,
			);
			path = View;
			sourceTree = "<group>";
		};
		DC501491236C717B00AD39F1 /* Controller */ = {
			isa = PBXGroup;
			children = (
				DCDFF6D92372F31E002A45EF /* Main */,
				DCDFF6DA2372F324002A45EF /* MusicPlayer */,
			);
			path = Controller;
			sourceTree = "<group>";
		};
		DCDFF6D92372F31E002A45EF /* Main */ = {
			isa = PBXGroup;
			children = (
				EF1C58A3237416B900694932 /* SongListTableViewCell.swift */,
				DCDFF6E92373DA93002A45EF /* ViewController.swift */,
			);
			path = Main;
			sourceTree = "<group>";
		};
		DCDFF6DA2372F324002A45EF /* MusicPlayer */ = {
			isa = PBXGroup;
			children = (
				DC60DADF2370367E0070F386 /* MusicPlayerViewController.swift */,
			);
			path = MusicPlayer;
			sourceTree = "<group>";
		};
		DCDFF6DB2372F33F002A45EF /* Music Player */ = {
			isa = PBXGroup;
			children = (
				DC60DADD237036320070F386 /* MusicPlayer.storyboard */,
			);
			path = "Music Player";
			sourceTree = "<group>";
		};
		DCDFF6DC2372F346002A45EF /* Main */ = {
			isa = PBXGroup;
			children = (
				EF1C58A4237416B900694932 /* SongListTableViewCell.xib */,
				DC50147E236C70F300AD39F1 /* Main.storyboard */,
			);
			path = Main;
			sourceTree = "<group>";
		};
/* End PBXGroup section */

/* Begin PBXNativeTarget section */
		DC501474236C70F300AD39F1 /* VTune */ = {
			isa = PBXNativeTarget;
			buildConfigurationList = DC50148C236C70F500AD39F1 /* Build configuration list for PBXNativeTarget "VTune" */;
			buildPhases = (
				DC501471236C70F300AD39F1 /* Sources */,
				DC501472236C70F300AD39F1 /* Frameworks */,
				DC501473236C70F300AD39F1 /* Resources */,
			);
			buildRules = (
			);
			dependencies = (
			);
			name = VTune;
			productName = VTune;
			productReference = DC501475236C70F300AD39F1 /* VTune.app */;
			productType = "com.apple.product-type.application";
		};
/* End PBXNativeTarget section */

/* Begin PBXProject section */
		DC50146D236C70F300AD39F1 /* Project object */ = {
			isa = PBXProject;
			attributes = {
				LastSwiftUpdateCheck = 1110;
				LastUpgradeCheck = 1110;
				ORGANIZATIONNAME = "Jasmine Hanifa Mounir";
				TargetAttributes = {
					DC501474236C70F300AD39F1 = {
						CreatedOnToolsVersion = 11.1;
					};
				};
			};
			buildConfigurationList = DC501470236C70F300AD39F1 /* Build configuration list for PBXProject "VTune" */;
			compatibilityVersion = "Xcode 9.3";
			developmentRegion = en;
			hasScannedForEncodings = 0;
			knownRegions = (
				en,
				Base,
			);
			mainGroup = DC50146C236C70F300AD39F1;
			productRefGroup = DC501476236C70F300AD39F1 /* Products */;
			projectDirPath = "";
			projectRoot = "";
			targets = (
				DC501474236C70F300AD39F1 /* VTune */,
			);
		};
/* End PBXProject section */

/* Begin PBXResourcesBuildPhase section */
		DC501473236C70F300AD39F1 /* Resources */ = {
			isa = PBXResourcesBuildPhase;
			buildActionMask = 2147483647;
			files = (
				DC501488236C70F500AD39F1 /* LaunchScreen.storyboard in Resources */,
				EF1C58A6237416B900694932 /* SongListTableViewCell.xib in Resources */,
				DC501485236C70F500AD39F1 /* Assets.xcassets in Resources */,
				EFA5E253237543C500EDEC30 /* EqualizerView.xib in Resources */,
				DC501480236C70F300AD39F1 /* Main.storyboard in Resources */,
				DC60DADE237036320070F386 /* MusicPlayer.storyboard in Resources */,
			);
			runOnlyForDeploymentPostprocessing = 0;
		};
/* End PBXResourcesBuildPhase section */

/* Begin PBXSourcesBuildPhase section */
		DC501471236C70F300AD39F1 /* Sources */ = {
			isa = PBXSourcesBuildPhase;
			buildActionMask = 2147483647;
			files = (
				EFA5E255237543FD00EDEC30 /* EqualizerView.swift in Sources */,
				EF1C58A5237416B900694932 /* SongListTableViewCell.swift in Sources */,
				DC501483236C70F300AD39F1 /* VTune.xcdatamodeld in Sources */,
				DC60DAE02370367E0070F386 /* MusicPlayerViewController.swift in Sources */,
				DCDFF6EA2373DA93002A45EF /* ViewController.swift in Sources */,
				DC501479236C70F300AD39F1 /* AppDelegate.swift in Sources */,
				EFA5E2512375413E00EDEC30 /* dummySongList.swift in Sources */,
				DC50147B236C70F300AD39F1 /* SceneDelegate.swift in Sources */,
			);
			runOnlyForDeploymentPostprocessing = 0;
		};
/* End PBXSourcesBuildPhase section */

/* Begin PBXVariantGroup section */
		DC50147E236C70F300AD39F1 /* Main.storyboard */ = {
			isa = PBXVariantGroup;
			children = (
				DC50147F236C70F300AD39F1 /* Base */,
			);
			name = Main.storyboard;
			sourceTree = "<group>";
		};
		DC501486236C70F500AD39F1 /* LaunchScreen.storyboard */ = {
			isa = PBXVariantGroup;
			children = (
				DC501487236C70F500AD39F1 /* Base */,
			);
			name = LaunchScreen.storyboard;
			sourceTree = "<group>";
		};
/* End PBXVariantGroup section */

/* Begin XCBuildConfiguration section */
		DC50148A236C70F500AD39F1 /* Debug */ = {
			isa = XCBuildConfiguration;
			buildSettings = {
				ALWAYS_SEARCH_USER_PATHS = NO;
				CLANG_ANALYZER_NONNULL = YES;
				CLANG_ANALYZER_NUMBER_OBJECT_CONVERSION = YES_AGGRESSIVE;
				CLANG_CXX_LANGUAGE_STANDARD = "gnu++14";
				CLANG_CXX_LIBRARY = "libc++";
				CLANG_ENABLE_MODULES = YES;
				CLANG_ENABLE_OBJC_ARC = YES;
				CLANG_ENABLE_OBJC_WEAK = YES;
				CLANG_WARN_BLOCK_CAPTURE_AUTORELEASING = YES;
				CLANG_WARN_BOOL_CONVERSION = YES;
				CLANG_WARN_COMMA = YES;
				CLANG_WARN_CONSTANT_CONVERSION = YES;
				CLANG_WARN_DEPRECATED_OBJC_IMPLEMENTATIONS = YES;
				CLANG_WARN_DIRECT_OBJC_ISA_USAGE = YES_ERROR;
				CLANG_WARN_DOCUMENTATION_COMMENTS = YES;
				CLANG_WARN_EMPTY_BODY = YES;
				CLANG_WARN_ENUM_CONVERSION = YES;
				CLANG_WARN_INFINITE_RECURSION = YES;
				CLANG_WARN_INT_CONVERSION = YES;
				CLANG_WARN_NON_LITERAL_NULL_CONVERSION = YES;
				CLANG_WARN_OBJC_IMPLICIT_RETAIN_SELF = YES;
				CLANG_WARN_OBJC_LITERAL_CONVERSION = YES;
				CLANG_WARN_OBJC_ROOT_CLASS = YES_ERROR;
				CLANG_WARN_RANGE_LOOP_ANALYSIS = YES;
				CLANG_WARN_STRICT_PROTOTYPES = YES;
				CLANG_WARN_SUSPICIOUS_MOVE = YES;
				CLANG_WARN_UNGUARDED_AVAILABILITY = YES_AGGRESSIVE;
				CLANG_WARN_UNREACHABLE_CODE = YES;
				CLANG_WARN__DUPLICATE_METHOD_MATCH = YES;
				COPY_PHASE_STRIP = NO;
				DEBUG_INFORMATION_FORMAT = dwarf;
				ENABLE_STRICT_OBJC_MSGSEND = YES;
				ENABLE_TESTABILITY = YES;
				GCC_C_LANGUAGE_STANDARD = gnu11;
				GCC_DYNAMIC_NO_PIC = NO;
				GCC_NO_COMMON_BLOCKS = YES;
				GCC_OPTIMIZATION_LEVEL = 0;
				GCC_PREPROCESSOR_DEFINITIONS = (
					"DEBUG=1",
					"$(inherited)",
				);
				GCC_WARN_64_TO_32_BIT_CONVERSION = YES;
				GCC_WARN_ABOUT_RETURN_TYPE = YES_ERROR;
				GCC_WARN_UNDECLARED_SELECTOR = YES;
				GCC_WARN_UNINITIALIZED_AUTOS = YES_AGGRESSIVE;
				GCC_WARN_UNUSED_FUNCTION = YES;
				GCC_WARN_UNUSED_VARIABLE = YES;
				IPHONEOS_DEPLOYMENT_TARGET = 13.1;
				MTL_ENABLE_DEBUG_INFO = INCLUDE_SOURCE;
				MTL_FAST_MATH = YES;
				ONLY_ACTIVE_ARCH = YES;
				SDKROOT = iphoneos;
				SWIFT_ACTIVE_COMPILATION_CONDITIONS = DEBUG;
				SWIFT_OPTIMIZATION_LEVEL = "-Onone";
			};
			name = Debug;
		};
		DC50148B236C70F500AD39F1 /* Release */ = {
			isa = XCBuildConfiguration;
			buildSettings = {
				ALWAYS_SEARCH_USER_PATHS = NO;
				CLANG_ANALYZER_NONNULL = YES;
				CLANG_ANALYZER_NUMBER_OBJECT_CONVERSION = YES_AGGRESSIVE;
				CLANG_CXX_LANGUAGE_STANDARD = "gnu++14";
				CLANG_CXX_LIBRARY = "libc++";
				CLANG_ENABLE_MODULES = YES;
				CLANG_ENABLE_OBJC_ARC = YES;
				CLANG_ENABLE_OBJC_WEAK = YES;
				CLANG_WARN_BLOCK_CAPTURE_AUTORELEASING = YES;
				CLANG_WARN_BOOL_CONVERSION = YES;
				CLANG_WARN_COMMA = YES;
				CLANG_WARN_CONSTANT_CONVERSION = YES;
				CLANG_WARN_DEPRECATED_OBJC_IMPLEMENTATIONS = YES;
				CLANG_WARN_DIRECT_OBJC_ISA_USAGE = YES_ERROR;
				CLANG_WARN_DOCUMENTATION_COMMENTS = YES;
				CLANG_WARN_EMPTY_BODY = YES;
				CLANG_WARN_ENUM_CONVERSION = YES;
				CLANG_WARN_INFINITE_RECURSION = YES;
				CLANG_WARN_INT_CONVERSION = YES;
				CLANG_WARN_NON_LITERAL_NULL_CONVERSION = YES;
				CLANG_WARN_OBJC_IMPLICIT_RETAIN_SELF = YES;
				CLANG_WARN_OBJC_LITERAL_CONVERSION = YES;
				CLANG_WARN_OBJC_ROOT_CLASS = YES_ERROR;
				CLANG_WARN_RANGE_LOOP_ANALYSIS = YES;
				CLANG_WARN_STRICT_PROTOTYPES = YES;
				CLANG_WARN_SUSPICIOUS_MOVE = YES;
				CLANG_WARN_UNGUARDED_AVAILABILITY = YES_AGGRESSIVE;
				CLANG_WARN_UNREACHABLE_CODE = YES;
				CLANG_WARN__DUPLICATE_METHOD_MATCH = YES;
				COPY_PHASE_STRIP = NO;
				DEBUG_INFORMATION_FORMAT = "dwarf-with-dsym";
				ENABLE_NS_ASSERTIONS = NO;
				ENABLE_STRICT_OBJC_MSGSEND = YES;
				GCC_C_LANGUAGE_STANDARD = gnu11;
				GCC_NO_COMMON_BLOCKS = YES;
				GCC_WARN_64_TO_32_BIT_CONVERSION = YES;
				GCC_WARN_ABOUT_RETURN_TYPE = YES_ERROR;
				GCC_WARN_UNDECLARED_SELECTOR = YES;
				GCC_WARN_UNINITIALIZED_AUTOS = YES_AGGRESSIVE;
				GCC_WARN_UNUSED_FUNCTION = YES;
				GCC_WARN_UNUSED_VARIABLE = YES;
				IPHONEOS_DEPLOYMENT_TARGET = 13.1;
				MTL_ENABLE_DEBUG_INFO = NO;
				MTL_FAST_MATH = YES;
				SDKROOT = iphoneos;
				SWIFT_COMPILATION_MODE = wholemodule;
				SWIFT_OPTIMIZATION_LEVEL = "-O";
				VALIDATE_PRODUCT = YES;
			};
			name = Release;
		};
		DC50148D236C70F500AD39F1 /* Debug */ = {
			isa = XCBuildConfiguration;
			buildSettings = {
				ASSETCATALOG_COMPILER_APPICON_NAME = AppIcon;
				CODE_SIGN_STYLE = Automatic;
				DEVELOPMENT_TEAM = FN97V72AGN;
				INFOPLIST_FILE = VTune/Info.plist;
				IPHONEOS_DEPLOYMENT_TARGET = 13.0;
				LD_RUNPATH_SEARCH_PATHS = (
					"$(inherited)",
					"@executable_path/Frameworks",
				);
				PRODUCT_BUNDLE_IDENTIFIER = com.jasmine.VTune;
				PRODUCT_NAME = "$(TARGET_NAME)";
				SWIFT_VERSION = 5.0;
				TARGETED_DEVICE_FAMILY = "1,2";
			};
			name = Debug;
		};
		DC50148E236C70F500AD39F1 /* Release */ = {
			isa = XCBuildConfiguration;
			buildSettings = {
				ASSETCATALOG_COMPILER_APPICON_NAME = AppIcon;
				CODE_SIGN_STYLE = Automatic;
				DEVELOPMENT_TEAM = FN97V72AGN;
				INFOPLIST_FILE = VTune/Info.plist;
				IPHONEOS_DEPLOYMENT_TARGET = 13.0;
				LD_RUNPATH_SEARCH_PATHS = (
					"$(inherited)",
					"@executable_path/Frameworks",
				);
				PRODUCT_BUNDLE_IDENTIFIER = com.jasmine.VTune;
				PRODUCT_NAME = "$(TARGET_NAME)";
				SWIFT_VERSION = 5.0;
				TARGETED_DEVICE_FAMILY = "1,2";
			};
			name = Release;
		};
/* End XCBuildConfiguration section */

/* Begin XCConfigurationList section */
		DC501470236C70F300AD39F1 /* Build configuration list for PBXProject "VTune" */ = {
			isa = XCConfigurationList;
			buildConfigurations = (
				DC50148A236C70F500AD39F1 /* Debug */,
				DC50148B236C70F500AD39F1 /* Release */,
			);
			defaultConfigurationIsVisible = 0;
			defaultConfigurationName = Release;
		};
		DC50148C236C70F500AD39F1 /* Build configuration list for PBXNativeTarget "VTune" */ = {
			isa = XCConfigurationList;
			buildConfigurations = (
				DC50148D236C70F500AD39F1 /* Debug */,
				DC50148E236C70F500AD39F1 /* Release */,
			);
			defaultConfigurationIsVisible = 0;
			defaultConfigurationName = Release;
		};
/* End XCConfigurationList section */

/* Begin XCVersionGroup section */
		DC501481236C70F300AD39F1 /* VTune.xcdatamodeld */ = {
			isa = XCVersionGroup;
			children = (
				DC501482236C70F300AD39F1 /* VTune.xcdatamodel */,
			);
			currentVersion = DC501482236C70F300AD39F1 /* VTune.xcdatamodel */;
			path = VTune.xcdatamodeld;
			sourceTree = "<group>";
			versionGroupType = wrapper.xcdatamodel;
		};
/* End XCVersionGroup section */
	};
	rootObject = DC50146D236C70F300AD39F1 /* Project object */;
}
